<?xml version="1.0" encoding="utf-8"?>
<Project ToolsVersion="4.0" xmlns="http://schemas.microsoft.com/developer/msbuild/2003">
  <ItemGroup>
    <ClCompile Include="main.cpp" />
    <ClCompile Include="Arduino.cpp" />
    <ClCompile Include="Command.cpp" />
    <ClCompile Include="CommandExecutor.cpp" />
  </ItemGroup>
  <ItemGroup>
    <Filter Include="Slaves">
      <UniqueIdentifier>{b5f7526f-8385-4839-bb7c-23e003ca1325}</UniqueIdentifier>
    </Filter>
  </ItemGroup>
  <ItemGroup>
    <ClInclude Include="Arduino.h" />
    <ClInclude Include="Command.h" />
    <ClInclude Include="CommandExecutor.h" />
    <ClInclude Include="GuardedQueue.h" />
  </ItemGroup>
</Project>