
Microsoft Visual Studio Solution File, Format Version 12.00
# Visual Studio 15
VisualStudioVersion = 15.0.28307.271
MinimumVisualStudioVersion = 10.0.40219.1
Project("{8BC9CEB8-8B4A-11D0-8D11-00A0C91BC942}") = "Controller", "Controller\Controller.vcxproj", "{A3099E07-491E-4AA1-9DCF-04525F2430DD}"
EndProject
Global
	GlobalSection(SolutionConfigurationPlatforms) = preSolution
		Debug|ARM = Debug|ARM
		Debug|ARM64 = Debug|ARM64
		Debug|x64 = Debug|x64
		Debug|x86 = Debug|x86
		Release|ARM = Release|ARM
		Release|ARM64 = Release|ARM64
		Release|x64 = Release|x64
		Release|x86 = Release|x86
	EndGlobalSection
	GlobalSection(ProjectConfigurationPlatforms) = postSolution
		{A3099E07-491E-4AA1-9DCF-04525F2430DD}.Debug|ARM.ActiveCfg = Debug|ARM
		{A3099E07-491E-4AA1-9DCF-04525F2430DD}.Debug|ARM.Build.0 = Debug|ARM
		{A3099E07-491E-4AA1-9DCF-04525F2430DD}.Debug|ARM64.ActiveCfg = Debug|ARM64
		{A3099E07-491E-4AA1-9DCF-04525F2430DD}.Debug|ARM64.Build.0 = Debug|ARM64
		{A3099E07-491E-4AA1-9DCF-04525F2430DD}.Debug|x64.ActiveCfg = Debug|x64
		{A3099E07-491E-4AA1-9DCF-04525F2430DD}.Debug|x64.Build.0 = Debug|x64
		{A3099E07-491E-4AA1-9DCF-04525F2430DD}.Debug|x86.ActiveCfg = Debug|x86
		{A3099E07-491E-4AA1-9DCF-04525F2430DD}.Debug|x86.Build.0 = Debug|x86
		{A3099E07-491E-4AA1-9DCF-04525F2430DD}.Release|ARM.ActiveCfg = Release|ARM
		{A3099E07-491E-4AA1-9DCF-04525F2430DD}.Release|ARM.Build.0 = Release|ARM
		{A3099E07-491E-4AA1-9DCF-04525F2430DD}.Release|ARM64.ActiveCfg = Release|ARM64
		{A3099E07-491E-4AA1-9DCF-04525F2430DD}.Release|ARM64.Build.0 = Release|ARM64
		{A3099E07-491E-4AA1-9DCF-04525F2430DD}.Release|x64.ActiveCfg = Release|x64
		{A3099E07-491E-4AA1-9DCF-04525F2430DD}.Release|x64.Build.0 = Release|x64
		{A3099E07-491E-4AA1-9DCF-04525F2430DD}.Release|x86.ActiveCfg = Release|x86
		{A3099E07-491E-4AA1-9DCF-04525F2430DD}.Release|x86.Build.0 = Release|x86
	EndGlobalSection
	GlobalSection(SolutionProperties) = preSolution
		HideSolutionNode = FALSE
	EndGlobalSection
	GlobalSection(ExtensibilityGlobals) = postSolution
		SolutionGuid = {3C9CF8C1-1052-4FB0-ABDA-9C218188175F}
	EndGlobalSection
EndGlobal
